// !$*UTF8*$!
{
	archiveVersion = 1;
	classes = {
	};
	objectVersion = 46;
	objects = {
/* Begin PBXBuildFile section */
		0207DA581B56EA530066E2B4 /* Images.xcassets in Resources */ = {isa = PBXBuildFile; fileRef = 0207DA571B56EA530066E2B4 /* Images.xcassets */; };
		1D3623260D0F684500981E51 /* AppDelegate.m in Sources */ = {isa = PBXBuildFile; fileRef = 1D3623250D0F684500981E51 /* AppDelegate.m */; };
		1D60589B0D05DD56006BFB54 /* main.m in Sources */ = {isa = PBXBuildFile; fileRef = 29B97316FDCFA39411CA2CEA /* main.m */; };
		301BF552109A68D80062928A /* libCordova.a in Frameworks */ = {isa = PBXBuildFile; fileRef = 301BF535109A57CC0062928A /* libCordova.a */; };
		302D95F114D2391D003F00A1 /* MainViewController.m in Sources */ = {isa = PBXBuildFile; fileRef = 302D95EF14D2391D003F00A1 /* MainViewController.m */; };
		302D95F214D2391D003F00A1 /* MainViewController.xib in Resources */ = {isa = PBXBuildFile; fileRef = 302D95F014D2391D003F00A1 /* MainViewController.xib */; };
		3047A5121AB8059700498E2A /* build-debug.xcconfig in Resources */ = {isa = PBXBuildFile; fileRef = 3047A50F1AB8059700498E2A /* build-debug.xcconfig */; };
		3047A5131AB8059700498E2A /* build-release.xcconfig in Resources */ = {isa = PBXBuildFile; fileRef = 3047A5101AB8059700498E2A /* build-release.xcconfig */; };
		3047A5141AB8059700498E2A /* build.xcconfig in Resources */ = {isa = PBXBuildFile; fileRef = 3047A5111AB8059700498E2A /* build.xcconfig */; };
		6AFF5BF91D6E424B00AB3073 /* CDVLaunchScreen.storyboard in Resources */ = {isa = PBXBuildFile; fileRef = 6AFF5BF81D6E424B00AB3073 /* CDVLaunchScreen.storyboard */; };
		FE175FCCF6D142708F325EBD /* CDVBattery.m in Sources */ = {isa = PBXBuildFile; fileRef = C189E914B9334AD79694B646 /* CDVBattery.m */; };
		FC233BA035AD4B5A99CA778A /* UIImage+CropScaleOrientation.m in Sources */ = {isa = PBXBuildFile; fileRef = 7DF22AE1AEFA4A53B6C47623 /* UIImage+CropScaleOrientation.m */; };
		8D83C4E4626746728DE000CB /* CDVCamera.m in Sources */ = {isa = PBXBuildFile; fileRef = 3948DFCF2C3942B4B8832BF1 /* CDVCamera.m */; };
		544A96EA4A8B4AEA9F87D91F /* CDVJpegHeaderWriter.m in Sources */ = {isa = PBXBuildFile; fileRef = 654FBF744C434719A138F90B /* CDVJpegHeaderWriter.m */; };
		8D0350D9471D43A88C3D581F /* ImageIO.framework in Frameworks */ = {isa = PBXBuildFile; fileRef = FEFF22E7CCF74B338A8650A3 /* ImageIO.framework */; settings = {ATTRIBUTES = (Weak, ); }; };
		3DDEC97D4CFD4AB693CF6F3B /* CoreLocation.framework in Frameworks */ = {isa = PBXBuildFile; fileRef = 87063AB15A844F588BC6716E /* CoreLocation.framework */; };
		5B739EF061224AFFA7F42599 /* AVFoundation.framework in Frameworks */ = {isa = PBXBuildFile; fileRef = A6F05836D6074059A171DB40 /* AVFoundation.framework */; };
		F174CA4E7B1240808DE5C7C6 /* CDVFile.m in Sources */ = {isa = PBXBuildFile; fileRef = 70F973F1A3494DC2B6D2B0CB /* CDVFile.m */; };
		8FEAE9473A14497592952824 /* CDVLocalFilesystem.m in Sources */ = {isa = PBXBuildFile; fileRef = F1B3B8D9F4064A6FBA851465 /* CDVLocalFilesystem.m */; };
		8CE835B3243E4B55925CAECE /* CDVAssetLibraryFilesystem.m in Sources */ = {isa = PBXBuildFile; fileRef = E7CAEAA9B1204F56B9F34848 /* CDVAssetLibraryFilesystem.m */; };
		CA6705E41796400D80E392E8 /* CDVCapture.m in Sources */ = {isa = PBXBuildFile; fileRef = F4B59921AD3D45AB836B76B4 /* CDVCapture.m */; };
		7B63175BF6E34431B9A1FB40 /* CDVCapture.bundle in Resources */ = {isa = PBXBuildFile; fileRef = A68C5EC4C5D547F8A13492BA /* CDVCapture.bundle */; };
		CA6CA8B7879F4C2B8E992282 /* CDVLogger.m in Sources */ = {isa = PBXBuildFile; fileRef = 8C84BD19E02C41E29571EC94 /* CDVLogger.m */; };
		263804550C664225A665EB9A /* CDVContacts.m in Sources */ = {isa = PBXBuildFile; fileRef = EABCA04ADC74438284861B3B /* CDVContacts.m */; };
		A177B5F324C841E99DE81483 /* CDVContact.m in Sources */ = {isa = PBXBuildFile; fileRef = 2F2E42CE4372404F8A5C4F98 /* CDVContact.m */; };
		6A9F052F74A74A22AEB7EEDE /* AddressBook.framework in Frameworks */ = {isa = PBXBuildFile; fileRef = C9CD747838D64C70A0095D1A /* AddressBook.framework */; settings = {ATTRIBUTES = (Weak, ); }; };
		BC3250DF736441FEAF0EA586 /* AddressBookUI.framework in Frameworks */ = {isa = PBXBuildFile; fileRef = FFD13733FB8F4BE8AD68370B /* AddressBookUI.framework */; settings = {ATTRIBUTES = (Weak, ); }; };
		E949B8ACD680411CABDF1B35 /* CDVDevice.m in Sources */ = {isa = PBXBuildFile; fileRef = 909E1931A52D4685967EF3F7 /* CDVDevice.m */; };
		2034559422D446CABDB625BB /* libz.tbd in Frameworks */ = {isa = PBXBuildFile; fileRef = 419C0C4E1DD04E7EB2C49283 /* libz.tbd */; };
		CB0A21BFA9864C7497ACA979 /* CDVAccelerometer.m in Sources */ = {isa = PBXBuildFile; fileRef = B3F4D0D6EF6248199719D50F /* CDVAccelerometer.m */; };
		729011E7E0D44014B4E54D53 /* CoreMotion.framework in Frameworks */ = {isa = PBXBuildFile; fileRef = DA7B5CC406D24D069B45DF72 /* CoreMotion.framework */; };
		333202FC55134D31A7DA7F27 /* CDVCompass.m in Sources */ = {isa = PBXBuildFile; fileRef = 5CF54DC379D7489AA4F89415 /* CDVCompass.m */; };
		573B2B4F607C4B0D9F2C13F1 /* CDVNotification.m in Sources */ = {isa = PBXBuildFile; fileRef = 0F4E85F4FFD34C959D14BA66 /* CDVNotification.m */; };
		BB1B04A402084962823FD382 /* CDVNotification.bundle in Resources */ = {isa = PBXBuildFile; fileRef = D32F6CA6C8224A5692653047 /* CDVNotification.bundle */; };
		529A8C1A6E774CFC8867928D /* AudioToolbox.framework in Frameworks */ = {isa = PBXBuildFile; fileRef = 8F6AE11F18E343B2AAA45F9E /* AudioToolbox.framework */; settings = {ATTRIBUTES = (Weak, ); }; };
		96A499C08693463A96858E94 /* CDVFileTransfer.m in Sources */ = {isa = PBXBuildFile; fileRef = FECA8D418A554EA981AF917D /* CDVFileTransfer.m */; };
		9077636936CD4BA28E3278A4 /* CDVLocation.m in Sources */ = {isa = PBXBuildFile; fileRef = 426ECAF84D5D4079892E5F5C /* CDVLocation.m */; };
		32843106B7174191BE53F157 /* CDVGlobalization.m in Sources */ = {isa = PBXBuildFile; fileRef = 47F1A368FE604124A81B3239 /* CDVGlobalization.m */; };
		72A81F1D1C644CBA834E9D6E /* CDVInAppBrowser.m in Sources */ = {isa = PBXBuildFile; fileRef = 47BCF77D47734341B5FA4A16 /* CDVInAppBrowser.m */; };
		3B24EC56A681499CA747779E /* CDVSound.m in Sources */ = {isa = PBXBuildFile; fileRef = 2563C0F9A2EF4877BD3AF8AF /* CDVSound.m */; };
		41E5B7D616784C82BF703E98 /* CDVConnection.m in Sources */ = {isa = PBXBuildFile; fileRef = EE0E535986D24E9CAD128ACA /* CDVConnection.m */; };
		1C549742D9D04F9FAE1F17D4 /* CDVReachability.m in Sources */ = {isa = PBXBuildFile; fileRef = 5D6E9FC4F2064CFDA97D348B /* CDVReachability.m */; };
		B1C7366D82164839B6B36D67 /* SystemConfiguration.framework in Frameworks */ = {isa = PBXBuildFile; fileRef = CE4EDFEE5D154959A0EE7A23 /* SystemConfiguration.framework */; settings = {ATTRIBUTES = (Weak, ); }; };
		0A505D45BF0A4469888F0015 /* CoreTelephony.framework in Frameworks */ = {isa = PBXBuildFile; fileRef = 2E266A42C8C749E6A0FACD72 /* CoreTelephony.framework */; };
		6C4553E3CDD34C619D54BBAE /* CDVSplashScreen.m in Sources */ = {isa = PBXBuildFile; fileRef = FC1394BC8B6844D8B32EBCE4 /* CDVSplashScreen.m */; };
		DF05D626C6234208A31C756A /* CDVViewController+SplashScreen.m in Sources */ = {isa = PBXBuildFile; fileRef = A510C504DDB840F29B1C334D /* CDVViewController+SplashScreen.m */; };
		732615EFAC484562A24A69AB /* CDVStatusBar.m in Sources */ = {isa = PBXBuildFile; fileRef = 56A6F4C337E4407B98EF0BC4 /* CDVStatusBar.m */; };
		543CCD0E95C04B47A4ED304A /* CDVVibration.m in Sources */ = {isa = PBXBuildFile; fileRef = 6EB294636AD443E6AE16CB1F /* CDVVibration.m */; };
/* End PBXBuildFile section */

/* Begin PBXContainerItemProxy section */
		301BF534109A57CC0062928A /* PBXContainerItemProxy */ = {
			isa = PBXContainerItemProxy;
			containerPortal = 301BF52D109A57CC0062928A /* CordovaLib.xcodeproj */;
			proxyType = 2;
			remoteGlobalIDString = D2AAC07E0554694100DB518D;
			remoteInfo = CordovaLib;
		};
		301BF550109A68C00062928A /* PBXContainerItemProxy */ = {
			isa = PBXContainerItemProxy;
			containerPortal = 301BF52D109A57CC0062928A /* CordovaLib.xcodeproj */;
			proxyType = 1;
			remoteGlobalIDString = D2AAC07D0554694100DB518D;
			remoteInfo = CordovaLib;
		};
/* End PBXContainerItemProxy section */

/* Begin PBXFileReference section */
		0207DA571B56EA530066E2B4 /* Images.xcassets */ = {isa = PBXFileReference; lastKnownFileType = folder.assetcatalog; name = Images.xcassets; path = "helloworld/Images.xcassets"; sourceTree = SOURCE_ROOT; };
		1D3623240D0F684500981E51 /* AppDelegate.h */ = {isa = PBXFileReference; fileEncoding = 4; lastKnownFileType = sourcecode.c.h; path = AppDelegate.h; sourceTree = "<group>"; };
		1D3623250D0F684500981E51 /* AppDelegate.m */ = {isa = PBXFileReference; fileEncoding = 4; lastKnownFileType = sourcecode.c.objc; path = AppDelegate.m; sourceTree = "<group>"; };
		1D6058910D05DD3D006BFB54 /* helloworld.app */ = {isa = PBXFileReference; explicitFileType = wrapper.application; includeInIndex = 0; path = "helloworld.app"; sourceTree = BUILT_PRODUCTS_DIR; };
		29B97316FDCFA39411CA2CEA /* main.m */ = {isa = PBXFileReference; fileEncoding = 4; lastKnownFileType = sourcecode.c.objc; path = main.m; sourceTree = "<group>"; };
		301BF52D109A57CC0062928A /* CordovaLib.xcodeproj */ = {isa = PBXFileReference; lastKnownFileType = "wrapper.pb-project"; name = CordovaLib.xcodeproj; path = CordovaLib/CordovaLib.xcodeproj; sourceTree = "<group>"; };
		301BF56E109A69640062928A /* www */ = {isa = PBXFileReference; lastKnownFileType = folder; path = www; sourceTree = SOURCE_ROOT; };
		302D95EE14D2391D003F00A1 /* MainViewController.h */ = {isa = PBXFileReference; fileEncoding = 4; lastKnownFileType = sourcecode.c.h; path = MainViewController.h; sourceTree = "<group>"; };
		302D95EF14D2391D003F00A1 /* MainViewController.m */ = {isa = PBXFileReference; fileEncoding = 4; lastKnownFileType = sourcecode.c.objc; path = MainViewController.m; sourceTree = "<group>"; };
		302D95F014D2391D003F00A1 /* MainViewController.xib */ = {isa = PBXFileReference; fileEncoding = 4; lastKnownFileType = file.xib; path = MainViewController.xib; sourceTree = "<group>"; };
		3047A50F1AB8059700498E2A /* build-debug.xcconfig */ = {isa = PBXFileReference; fileEncoding = 4; lastKnownFileType = text.xcconfig; name = "build-debug.xcconfig"; path = cordova/build-debug.xcconfig; sourceTree = SOURCE_ROOT; };
		3047A5101AB8059700498E2A /* build-release.xcconfig */ = {isa = PBXFileReference; fileEncoding = 4; lastKnownFileType = text.xcconfig; name = "build-release.xcconfig"; path = cordova/build-release.xcconfig; sourceTree = SOURCE_ROOT; };
		3047A5111AB8059700498E2A /* build.xcconfig */ = {isa = PBXFileReference; fileEncoding = 4; lastKnownFileType = text.xcconfig; name = build.xcconfig; path = cordova/build.xcconfig; sourceTree = SOURCE_ROOT; };
		32CA4F630368D1EE00C91783 /* helloworld-Prefix.pch */ = {isa = PBXFileReference; fileEncoding = 4; lastKnownFileType = sourcecode.c.h; path = "helloworld-Prefix.pch"; sourceTree = "<group>"; };
		6AFF5BF81D6E424B00AB3073 /* CDVLaunchScreen.storyboard */ = {isa = PBXFileReference; fileEncoding = 4; lastKnownFileType = file.storyboard; name = CDVLaunchScreen.storyboard; path = "helloworld/CDVLaunchScreen.storyboard"; sourceTree = SOURCE_ROOT; };
		8D1107310486CEB800E47090 /* helloworld-Info.plist */ = {isa = PBXFileReference; fileEncoding = 4; lastKnownFileType = text.plist.xml; name = "helloworld-Info.plist"; path = "helloworld/helloworld-Info.plist"; plistStructureDefinitionIdentifier = "com.apple.xcode.plist.structure-definition.iphone.info-plist"; sourceTree = SOURCE_ROOT; };
		EB87FDF31871DA8E0020F90C /* www */ = {isa = PBXFileReference; lastKnownFileType = folder; name = www; path = ../../www; sourceTree = "<group>"; };
		EB87FDF41871DAF40020F90C /* config.xml */ = {isa = PBXFileReference; lastKnownFileType = text.xml; name = config.xml; path = ../../config.xml; sourceTree = "<group>"; };
		F840E1F0165FE0F500CFE078 /* config.xml */ = {isa = PBXFileReference; lastKnownFileType = text.xml; name = config.xml; path = "helloworld/config.xml"; sourceTree = "<group>"; };
		ED33DF2A687741AEAF9F8254 /* Bridging-Header.h */ = {isa = PBXFileReference; fileEncoding = 4; lastKnownFileType = sourcecode.c.h; name = "Bridging-Header.h"; path = "Bridging-Header.h"; sourceTree = "<group>"; };
		C189E914B9334AD79694B646 /* CDVBattery.m */ = {isa = PBXFileReference; name = "CDVBattery.m"; path = "cordova-plugin-battery-status/CDVBattery.m"; sourceTree = "<group>"; fileEncoding = 4; lastKnownFileType = sourcecode.c.objc; explicitFileType = undefined; includeInIndex = 0; };
		945D514A04B84BF4B9D3B0A8 /* CDVBattery.h */ = {isa = PBXFileReference; name = "CDVBattery.h"; path = "cordova-plugin-battery-status/CDVBattery.h"; sourceTree = "<group>"; fileEncoding = 4; lastKnownFileType = sourcecode.c.h; explicitFileType = undefined; includeInIndex = 0; };
		7DF22AE1AEFA4A53B6C47623 /* UIImage+CropScaleOrientation.m */ = {isa = PBXFileReference; name = "UIImage+CropScaleOrientation.m"; path = "cordova-plugin-camera/UIImage+CropScaleOrientation.m"; sourceTree = "<group>"; fileEncoding = 4; lastKnownFileType = sourcecode.c.objc; explicitFileType = undefined; includeInIndex = 0; };
		3948DFCF2C3942B4B8832BF1 /* CDVCamera.m */ = {isa = PBXFileReference; name = "CDVCamera.m"; path = "cordova-plugin-camera/CDVCamera.m"; sourceTree = "<group>"; fileEncoding = 4; lastKnownFileType = sourcecode.c.objc; explicitFileType = undefined; includeInIndex = 0; };
		654FBF744C434719A138F90B /* CDVJpegHeaderWriter.m */ = {isa = PBXFileReference; name = "CDVJpegHeaderWriter.m"; path = "cordova-plugin-camera/CDVJpegHeaderWriter.m"; sourceTree = "<group>"; fileEncoding = 4; lastKnownFileType = sourcecode.c.objc; explicitFileType = undefined; includeInIndex = 0; };
		35656727237B4B65858D0BE8 /* UIImage+CropScaleOrientation.h */ = {isa = PBXFileReference; name = "UIImage+CropScaleOrientation.h"; path = "cordova-plugin-camera/UIImage+CropScaleOrientation.h"; sourceTree = "<group>"; fileEncoding = 4; lastKnownFileType = sourcecode.c.h; explicitFileType = undefined; includeInIndex = 0; };
		FAD40F3E161E4A0E9920115A /* CDVCamera.h */ = {isa = PBXFileReference; name = "CDVCamera.h"; path = "cordova-plugin-camera/CDVCamera.h"; sourceTree = "<group>"; fileEncoding = 4; lastKnownFileType = sourcecode.c.h; explicitFileType = undefined; includeInIndex = 0; };
		F4EEDC4AFB2D4BB196AB824C /* CDVJpegHeaderWriter.h */ = {isa = PBXFileReference; name = "CDVJpegHeaderWriter.h"; path = "cordova-plugin-camera/CDVJpegHeaderWriter.h"; sourceTree = "<group>"; fileEncoding = 4; lastKnownFileType = sourcecode.c.h; explicitFileType = undefined; includeInIndex = 0; };
		F370AFBF69674B62BE1766D5 /* CDVExif.h */ = {isa = PBXFileReference; name = "CDVExif.h"; path = "cordova-plugin-camera/CDVExif.h"; sourceTree = "<group>"; fileEncoding = 4; lastKnownFileType = sourcecode.c.h; explicitFileType = undefined; includeInIndex = 0; };
		FEFF22E7CCF74B338A8650A3 /* ImageIO.framework */ = {isa = PBXFileReference; name = "ImageIO.framework"; path = "System/Library/Frameworks/ImageIO.framework"; sourceTree = SDKROOT; fileEncoding = undefined; lastKnownFileType = wrapper.framework; explicitFileType = undefined; includeInIndex = 0; };
		87063AB15A844F588BC6716E /* CoreLocation.framework */ = {isa = PBXFileReference; name = "CoreLocation.framework"; path = "System/Library/Frameworks/CoreLocation.framework"; sourceTree = SDKROOT; fileEncoding = undefined; lastKnownFileType = wrapper.framework; explicitFileType = undefined; includeInIndex = 0; };
		A6F05836D6074059A171DB40 /* AVFoundation.framework */ = {isa = PBXFileReference; name = "AVFoundation.framework"; path = "System/Library/Frameworks/AVFoundation.framework"; sourceTree = SDKROOT; fileEncoding = undefined; lastKnownFileType = wrapper.framework; explicitFileType = undefined; includeInIndex = 0; };
		70F973F1A3494DC2B6D2B0CB /* CDVFile.m */ = {isa = PBXFileReference; name = "CDVFile.m"; path = "cordova-plugin-file/CDVFile.m"; sourceTree = "<group>"; fileEncoding = 4; lastKnownFileType = sourcecode.c.objc; explicitFileType = undefined; includeInIndex = 0; };
		F1B3B8D9F4064A6FBA851465 /* CDVLocalFilesystem.m */ = {isa = PBXFileReference; name = "CDVLocalFilesystem.m"; path = "cordova-plugin-file/CDVLocalFilesystem.m"; sourceTree = "<group>"; fileEncoding = 4; lastKnownFileType = sourcecode.c.objc; explicitFileType = undefined; includeInIndex = 0; };
		E7CAEAA9B1204F56B9F34848 /* CDVAssetLibraryFilesystem.m */ = {isa = PBXFileReference; name = "CDVAssetLibraryFilesystem.m"; path = "cordova-plugin-file/CDVAssetLibraryFilesystem.m"; sourceTree = "<group>"; fileEncoding = 4; lastKnownFileType = sourcecode.c.objc; explicitFileType = undefined; includeInIndex = 0; };
		D1473DF72C9F414CABC26985 /* CDVFile.h */ = {isa = PBXFileReference; name = "CDVFile.h"; path = "cordova-plugin-file/CDVFile.h"; sourceTree = "<group>"; fileEncoding = 4; lastKnownFileType = sourcecode.c.h; explicitFileType = undefined; includeInIndex = 0; };
		15C7783056BB441284B77846 /* CDVLocalFilesystem.h */ = {isa = PBXFileReference; name = "CDVLocalFilesystem.h"; path = "cordova-plugin-file/CDVLocalFilesystem.h"; sourceTree = "<group>"; fileEncoding = 4; lastKnownFileType = sourcecode.c.h; explicitFileType = undefined; includeInIndex = 0; };
		4C2DFE699BFC4152810AEDEA /* CDVAssetLibraryFilesystem.h */ = {isa = PBXFileReference; name = "CDVAssetLibraryFilesystem.h"; path = "cordova-plugin-file/CDVAssetLibraryFilesystem.h"; sourceTree = "<group>"; fileEncoding = 4; lastKnownFileType = sourcecode.c.h; explicitFileType = undefined; includeInIndex = 0; };
		F4B59921AD3D45AB836B76B4 /* CDVCapture.m */ = {isa = PBXFileReference; name = "CDVCapture.m"; path = "cordova-plugin-media-capture/CDVCapture.m"; sourceTree = "<group>"; fileEncoding = 4; lastKnownFileType = sourcecode.c.objc; explicitFileType = undefined; includeInIndex = 0; };
		E0B015BB8CAA4228B8CC5042 /* CDVCapture.h */ = {isa = PBXFileReference; name = "CDVCapture.h"; path = "cordova-plugin-media-capture/CDVCapture.h"; sourceTree = "<group>"; fileEncoding = 4; lastKnownFileType = sourcecode.c.h; explicitFileType = undefined; includeInIndex = 0; };
		A68C5EC4C5D547F8A13492BA /* CDVCapture.bundle */ = {isa = PBXFileReference; name = "CDVCapture.bundle"; path = "CDVCapture.bundle"; sourceTree = "<group>"; fileEncoding = undefined; lastKnownFileType = wrapper.plug-in; explicitFileType = undefined; includeInIndex = 0; };
		8C84BD19E02C41E29571EC94 /* CDVLogger.m */ = {isa = PBXFileReference; name = "CDVLogger.m"; path = "cordova-plugin-console/CDVLogger.m"; sourceTree = "<group>"; fileEncoding = 4; lastKnownFileType = sourcecode.c.objc; explicitFileType = undefined; includeInIndex = 0; };
		D3ED286C7E9E4866BA46589F /* CDVLogger.h */ = {isa = PBXFileReference; name = "CDVLogger.h"; path = "cordova-plugin-console/CDVLogger.h"; sourceTree = "<group>"; fileEncoding = 4; lastKnownFileType = sourcecode.c.h; explicitFileType = undefined; includeInIndex = 0; };
		EABCA04ADC74438284861B3B /* CDVContacts.m */ = {isa = PBXFileReference; name = "CDVContacts.m"; path = "cordova-plugin-contacts/CDVContacts.m"; sourceTree = "<group>"; fileEncoding = 4; lastKnownFileType = sourcecode.c.objc; explicitFileType = undefined; includeInIndex = 0; };
		2F2E42CE4372404F8A5C4F98 /* CDVContact.m */ = {isa = PBXFileReference; name = "CDVContact.m"; path = "cordova-plugin-contacts/CDVContact.m"; sourceTree = "<group>"; fileEncoding = 4; lastKnownFileType = sourcecode.c.objc; explicitFileType = undefined; includeInIndex = 0; };
		B44F49EE3B8A4F8B894BA0F2 /* CDVContacts.h */ = {isa = PBXFileReference; name = "CDVContacts.h"; path = "cordova-plugin-contacts/CDVContacts.h"; sourceTree = "<group>"; fileEncoding = 4; lastKnownFileType = sourcecode.c.h; explicitFileType = undefined; includeInIndex = 0; };
		7194A6329D4F40D9A4F6DA2C /* CDVContact.h */ = {isa = PBXFileReference; name = "CDVContact.h"; path = "cordova-plugin-contacts/CDVContact.h"; sourceTree = "<group>"; fileEncoding = 4; lastKnownFileType = sourcecode.c.h; explicitFileType = undefined; includeInIndex = 0; };
		C9CD747838D64C70A0095D1A /* AddressBook.framework */ = {isa = PBXFileReference; name = "AddressBook.framework"; path = "System/Library/Frameworks/AddressBook.framework"; sourceTree = SDKROOT; fileEncoding = undefined; lastKnownFileType = wrapper.framework; explicitFileType = undefined; includeInIndex = 0; };
		FFD13733FB8F4BE8AD68370B /* AddressBookUI.framework */ = {isa = PBXFileReference; name = "AddressBookUI.framework"; path = "System/Library/Frameworks/AddressBookUI.framework"; sourceTree = SDKROOT; fileEncoding = undefined; lastKnownFileType = wrapper.framework; explicitFileType = undefined; includeInIndex = 0; };
		909E1931A52D4685967EF3F7 /* CDVDevice.m */ = {isa = PBXFileReference; name = "CDVDevice.m"; path = "cordova-plugin-device/CDVDevice.m"; sourceTree = "<group>"; fileEncoding = 4; lastKnownFileType = sourcecode.c.objc; explicitFileType = undefined; includeInIndex = 0; };
		5A4A4473DB664D1F8F96EFA3 /* CDVDevice.h */ = {isa = PBXFileReference; name = "CDVDevice.h"; path = "cordova-plugin-device/CDVDevice.h"; sourceTree = "<group>"; fileEncoding = 4; lastKnownFileType = sourcecode.c.h; explicitFileType = undefined; includeInIndex = 0; };
		419C0C4E1DD04E7EB2C49283 /* libz.tbd */ = {isa = PBXFileReference; name = "libz.tbd"; path = "usr/lib/libz.tbd"; sourceTree = SDKROOT; fileEncoding = undefined; lastKnownFileType = sourcecode.text-based-dylib-definition; explicitFileType = undefined; includeInIndex = 0; };
		B3F4D0D6EF6248199719D50F /* CDVAccelerometer.m */ = {isa = PBXFileReference; name = "CDVAccelerometer.m"; path = "cordova-plugin-device-motion/CDVAccelerometer.m"; sourceTree = "<group>"; fileEncoding = 4; lastKnownFileType = sourcecode.c.objc; explicitFileType = undefined; includeInIndex = 0; };
		F0C2EB7EF7944D70A8362C8C /* CDVAccelerometer.h */ = {isa = PBXFileReference; name = "CDVAccelerometer.h"; path = "cordova-plugin-device-motion/CDVAccelerometer.h"; sourceTree = "<group>"; fileEncoding = 4; lastKnownFileType = sourcecode.c.h; explicitFileType = undefined; includeInIndex = 0; };
		DA7B5CC406D24D069B45DF72 /* CoreMotion.framework */ = {isa = PBXFileReference; name = "CoreMotion.framework"; path = "System/Library/Frameworks/CoreMotion.framework"; sourceTree = SDKROOT; fileEncoding = undefined; lastKnownFileType = wrapper.framework; explicitFileType = undefined; includeInIndex = 0; };
		5CF54DC379D7489AA4F89415 /* CDVCompass.m */ = {isa = PBXFileReference; name = "CDVCompass.m"; path = "cordova-plugin-device-orientation/CDVCompass.m"; sourceTree = "<group>"; fileEncoding = 4; lastKnownFileType = sourcecode.c.objc; explicitFileType = undefined; includeInIndex = 0; };
		019D94D86DB443A1B0669EEA /* CDVCompass.h */ = {isa = PBXFileReference; name = "CDVCompass.h"; path = "cordova-plugin-device-orientation/CDVCompass.h"; sourceTree = "<group>"; fileEncoding = 4; lastKnownFileType = sourcecode.c.h; explicitFileType = undefined; includeInIndex = 0; };
		0F4E85F4FFD34C959D14BA66 /* CDVNotification.m */ = {isa = PBXFileReference; name = "CDVNotification.m"; path = "cordova-plugin-dialogs/CDVNotification.m"; sourceTree = "<group>"; fileEncoding = 4; lastKnownFileType = sourcecode.c.objc; explicitFileType = undefined; includeInIndex = 0; };
		14A5798AFB6B49F6B745797C /* CDVNotification.h */ = {isa = PBXFileReference; name = "CDVNotification.h"; path = "cordova-plugin-dialogs/CDVNotification.h"; sourceTree = "<group>"; fileEncoding = 4; lastKnownFileType = sourcecode.c.h; explicitFileType = undefined; includeInIndex = 0; };
		D32F6CA6C8224A5692653047 /* CDVNotification.bundle */ = {isa = PBXFileReference; name = "CDVNotification.bundle"; path = "CDVNotification.bundle"; sourceTree = "<group>"; fileEncoding = undefined; lastKnownFileType = wrapper.plug-in; explicitFileType = undefined; includeInIndex = 0; };
		8F6AE11F18E343B2AAA45F9E /* AudioToolbox.framework */ = {isa = PBXFileReference; name = "AudioToolbox.framework"; path = "System/Library/Frameworks/AudioToolbox.framework"; sourceTree = SDKROOT; fileEncoding = undefined; lastKnownFileType = wrapper.framework; explicitFileType = undefined; includeInIndex = 0; };
		FECA8D418A554EA981AF917D /* CDVFileTransfer.m */ = {isa = PBXFileReference; name = "CDVFileTransfer.m"; path = "cordova-plugin-file-transfer/CDVFileTransfer.m"; sourceTree = "<group>"; fileEncoding = 4; lastKnownFileType = sourcecode.c.objc; explicitFileType = undefined; includeInIndex = 0; };
		2E2305AC1299427B87F62578 /* CDVFileTransfer.h */ = {isa = PBXFileReference; name = "CDVFileTransfer.h"; path = "cordova-plugin-file-transfer/CDVFileTransfer.h"; sourceTree = "<group>"; fileEncoding = 4; lastKnownFileType = sourcecode.c.h; explicitFileType = undefined; includeInIndex = 0; };
		426ECAF84D5D4079892E5F5C /* CDVLocation.m */ = {isa = PBXFileReference; name = "CDVLocation.m"; path = "cordova-plugin-geolocation/CDVLocation.m"; sourceTree = "<group>"; fileEncoding = 4; lastKnownFileType = sourcecode.c.objc; explicitFileType = undefined; includeInIndex = 0; };
		8F65441E0CD44169ADE882AD /* CDVLocation.h */ = {isa = PBXFileReference; name = "CDVLocation.h"; path = "cordova-plugin-geolocation/CDVLocation.h"; sourceTree = "<group>"; fileEncoding = 4; lastKnownFileType = sourcecode.c.h; explicitFileType = undefined; includeInIndex = 0; };
		47F1A368FE604124A81B3239 /* CDVGlobalization.m */ = {isa = PBXFileReference; name = "CDVGlobalization.m"; path = "cordova-plugin-globalization/CDVGlobalization.m"; sourceTree = "<group>"; fileEncoding = 4; lastKnownFileType = sourcecode.c.objc; explicitFileType = undefined; includeInIndex = 0; };
		2DD70B4264A745D6AAAAF981 /* CDVGlobalization.h */ = {isa = PBXFileReference; name = "CDVGlobalization.h"; path = "cordova-plugin-globalization/CDVGlobalization.h"; sourceTree = "<group>"; fileEncoding = 4; lastKnownFileType = sourcecode.c.h; explicitFileType = undefined; includeInIndex = 0; };
		47BCF77D47734341B5FA4A16 /* CDVInAppBrowser.m */ = {isa = PBXFileReference; name = "CDVInAppBrowser.m"; path = "cordova-plugin-inappbrowser/CDVInAppBrowser.m"; sourceTree = "<group>"; fileEncoding = 4; lastKnownFileType = sourcecode.c.objc; explicitFileType = undefined; includeInIndex = 0; };
		6AC46D5937064B609D55C2DF /* CDVInAppBrowser.h */ = {isa = PBXFileReference; name = "CDVInAppBrowser.h"; path = "cordova-plugin-inappbrowser/CDVInAppBrowser.h"; sourceTree = "<group>"; fileEncoding = 4; lastKnownFileType = sourcecode.c.h; explicitFileType = undefined; includeInIndex = 0; };
		2563C0F9A2EF4877BD3AF8AF /* CDVSound.m */ = {isa = PBXFileReference; name = "CDVSound.m"; path = "cordova-plugin-media/CDVSound.m"; sourceTree = "<group>"; fileEncoding = 4; lastKnownFileType = sourcecode.c.objc; explicitFileType = undefined; includeInIndex = 0; };
		2A27E25778AD49F2BE020DC6 /* CDVSound.h */ = {isa = PBXFileReference; name = "CDVSound.h"; path = "cordova-plugin-media/CDVSound.h"; sourceTree = "<group>"; fileEncoding = 4; lastKnownFileType = sourcecode.c.h; explicitFileType = undefined; includeInIndex = 0; };
		EE0E535986D24E9CAD128ACA /* CDVConnection.m */ = {isa = PBXFileReference; name = "CDVConnection.m"; path = "cordova-plugin-network-information/CDVConnection.m"; sourceTree = "<group>"; fileEncoding = 4; lastKnownFileType = sourcecode.c.objc; explicitFileType = undefined; includeInIndex = 0; };
		5D6E9FC4F2064CFDA97D348B /* CDVReachability.m */ = {isa = PBXFileReference; name = "CDVReachability.m"; path = "cordova-plugin-network-information/CDVReachability.m"; sourceTree = "<group>"; fileEncoding = 4; lastKnownFileType = sourcecode.c.objc; explicitFileType = undefined; includeInIndex = 0; };
		098C4A3B1CE649888C263431 /* CDVConnection.h */ = {isa = PBXFileReference; name = "CDVConnection.h"; path = "cordova-plugin-network-information/CDVConnection.h"; sourceTree = "<group>"; fileEncoding = 4; lastKnownFileType = sourcecode.c.h; explicitFileType = undefined; includeInIndex = 0; };
		D9134E7A89064464A2CBA77C /* CDVReachability.h */ = {isa = PBXFileReference; name = "CDVReachability.h"; path = "cordova-plugin-network-information/CDVReachability.h"; sourceTree = "<group>"; fileEncoding = 4; lastKnownFileType = sourcecode.c.h; explicitFileType = undefined; includeInIndex = 0; };
		CE4EDFEE5D154959A0EE7A23 /* SystemConfiguration.framework */ = {isa = PBXFileReference; name = "SystemConfiguration.framework"; path = "System/Library/Frameworks/SystemConfiguration.framework"; sourceTree = SDKROOT; fileEncoding = undefined; lastKnownFileType = wrapper.framework; explicitFileType = undefined; includeInIndex = 0; };
		2E266A42C8C749E6A0FACD72 /* CoreTelephony.framework */ = {isa = PBXFileReference; name = "CoreTelephony.framework"; path = "System/Library/Frameworks/CoreTelephony.framework"; sourceTree = SDKROOT; fileEncoding = undefined; lastKnownFileType = wrapper.framework; explicitFileType = undefined; includeInIndex = 0; };
		FC1394BC8B6844D8B32EBCE4 /* CDVSplashScreen.m */ = {isa = PBXFileReference; name = "CDVSplashScreen.m"; path = "cordova-plugin-splashscreen/CDVSplashScreen.m"; sourceTree = "<group>"; fileEncoding = 4; lastKnownFileType = sourcecode.c.objc; explicitFileType = undefined; includeInIndex = 0; };
		A510C504DDB840F29B1C334D /* CDVViewController+SplashScreen.m */ = {isa = PBXFileReference; name = "CDVViewController+SplashScreen.m"; path = "cordova-plugin-splashscreen/CDVViewController+SplashScreen.m"; sourceTree = "<group>"; fileEncoding = 4; lastKnownFileType = sourcecode.c.objc; explicitFileType = undefined; includeInIndex = 0; };
		4869B8BB4C0F41DDB6BF9B1D /* CDVSplashScreen.h */ = {isa = PBXFileReference; name = "CDVSplashScreen.h"; path = "cordova-plugin-splashscreen/CDVSplashScreen.h"; sourceTree = "<group>"; fileEncoding = 4; lastKnownFileType = sourcecode.c.h; explicitFileType = undefined; includeInIndex = 0; };
		68E755C8BC4A49AA881FA170 /* CDVViewController+SplashScreen.h */ = {isa = PBXFileReference; name = "CDVViewController+SplashScreen.h"; path = "cordova-plugin-splashscreen/CDVViewController+SplashScreen.h"; sourceTree = "<group>"; fileEncoding = 4; lastKnownFileType = sourcecode.c.h; explicitFileType = undefined; includeInIndex = 0; };
		56A6F4C337E4407B98EF0BC4 /* CDVStatusBar.m */ = {isa = PBXFileReference; name = "CDVStatusBar.m"; path = "cordova-plugin-statusbar/CDVStatusBar.m"; sourceTree = "<group>"; fileEncoding = 4; lastKnownFileType = sourcecode.c.objc; explicitFileType = undefined; includeInIndex = 0; };
		B2C33D295E7545F1AEC3817B /* CDVStatusBar.h */ = {isa = PBXFileReference; name = "CDVStatusBar.h"; path = "cordova-plugin-statusbar/CDVStatusBar.h"; sourceTree = "<group>"; fileEncoding = 4; lastKnownFileType = sourcecode.c.h; explicitFileType = undefined; includeInIndex = 0; };
		6EB294636AD443E6AE16CB1F /* CDVVibration.m */ = {isa = PBXFileReference; name = "CDVVibration.m"; path = "cordova-plugin-vibration/CDVVibration.m"; sourceTree = "<group>"; fileEncoding = 4; lastKnownFileType = sourcecode.c.objc; explicitFileType = undefined; includeInIndex = 0; };
		B58E6938C17343CFA4DE21F3 /* CDVVibration.h */ = {isa = PBXFileReference; name = "CDVVibration.h"; path = "cordova-plugin-vibration/CDVVibration.h"; sourceTree = "<group>"; fileEncoding = 4; lastKnownFileType = sourcecode.c.h; explicitFileType = undefined; includeInIndex = 0; };
/* End PBXFileReference section */

/* Begin PBXFrameworksBuildPhase section */
		1D60588F0D05DD3D006BFB54 /* Frameworks */ = {
			isa = PBXFrameworksBuildPhase;
			buildActionMask = 2147483647;
			files = (
				301BF552109A68D80062928A /* libCordova.a in Frameworks */,
				8D0350D9471D43A88C3D581F /* ImageIO.framework in Frameworks */,
				3DDEC97D4CFD4AB693CF6F3B /* CoreLocation.framework in Frameworks */,
				5B739EF061224AFFA7F42599 /* AVFoundation.framework in Frameworks */,
				6A9F052F74A74A22AEB7EEDE /* AddressBook.framework in Frameworks */,
				BC3250DF736441FEAF0EA586 /* AddressBookUI.framework in Frameworks */,
				2034559422D446CABDB625BB /* libz.tbd in Frameworks */,
				729011E7E0D44014B4E54D53 /* CoreMotion.framework in Frameworks */,
				529A8C1A6E774CFC8867928D /* AudioToolbox.framework in Frameworks */,
				B1C7366D82164839B6B36D67 /* SystemConfiguration.framework in Frameworks */,
				0A505D45BF0A4469888F0015 /* CoreTelephony.framework in Frameworks */,
			);
			runOnlyForDeploymentPostprocessing = 0;
		};
/* End PBXFrameworksBuildPhase section */

/* Begin PBXGroup section */
		080E96DDFE201D6D7F000001 /* Classes */ = {
			isa = PBXGroup;
			children = (
				302D95EE14D2391D003F00A1 /* MainViewController.h */,
				302D95EF14D2391D003F00A1 /* MainViewController.m */,
				302D95F014D2391D003F00A1 /* MainViewController.xib */,
				1D3623240D0F684500981E51 /* AppDelegate.h */,
				1D3623250D0F684500981E51 /* AppDelegate.m */,
			);
			name = Classes;
			path = "helloworld/Classes";
			sourceTree = SOURCE_ROOT;
		};
		19C28FACFE9D520D11CA2CBB /* Products */ = {
			isa = PBXGroup;
			children = (
				1D6058910D05DD3D006BFB54 /* helloworld.app */,
			);
			name = Products;
			sourceTree = "<group>";
		};
		29B97314FDCFA39411CA2CEA /* CustomTemplate */ = {
			isa = PBXGroup;
			children = (
				EB87FDF41871DAF40020F90C /* config.xml */,
				EB87FDF31871DA8E0020F90C /* www */,
				EB87FDF11871DA420020F90C /* Staging */,
				301BF52D109A57CC0062928A /* CordovaLib.xcodeproj */,
				080E96DDFE201D6D7F000001 /* Classes */,
				307C750510C5A3420062BCA9 /* Plugins */,
				29B97315FDCFA39411CA2CEA /* Other Sources */,
				29B97317FDCFA39411CA2CEA /* Resources */,
				29B97323FDCFA39411CA2CEA /* Frameworks */,
				19C28FACFE9D520D11CA2CBB /* Products */,
			);
			name = CustomTemplate;
			sourceTree = "<group>";
		};
		29B97315FDCFA39411CA2CEA /* Other Sources */ = {
			isa = PBXGroup;
			children = (
				32CA4F630368D1EE00C91783 /* helloworld-Prefix.pch */,
				29B97316FDCFA39411CA2CEA /* main.m */,
				ED33DF2A687741AEAF9F8254 /* Bridging-Header.h */,
			);
			name = "Other Sources";
			path = "helloworld";
			sourceTree = "<group>";
		};
		29B97317FDCFA39411CA2CEA /* Resources */ = {
			isa = PBXGroup;
			children = (
				0207DA571B56EA530066E2B4 /* Images.xcassets */,
				3047A50E1AB8057F00498E2A /* config */,
				8D1107310486CEB800E47090 /* helloworld-Info.plist */,
				6AFF5BF81D6E424B00AB3073 /* CDVLaunchScreen.storyboard */,
				A68C5EC4C5D547F8A13492BA /* CDVCapture.bundle */,
				D32F6CA6C8224A5692653047 /* CDVNotification.bundle */,
			);
			name = Resources;
			path = "helloworld/Resources";
			sourceTree = "<group>";
		};
		29B97323FDCFA39411CA2CEA /* Frameworks */ = {
			isa = PBXGroup;
			children = (
				FEFF22E7CCF74B338A8650A3 /* ImageIO.framework */,
				87063AB15A844F588BC6716E /* CoreLocation.framework */,
				A6F05836D6074059A171DB40 /* AVFoundation.framework */,
				C9CD747838D64C70A0095D1A /* AddressBook.framework */,
				FFD13733FB8F4BE8AD68370B /* AddressBookUI.framework */,
				419C0C4E1DD04E7EB2C49283 /* libz.tbd */,
				DA7B5CC406D24D069B45DF72 /* CoreMotion.framework */,
				8F6AE11F18E343B2AAA45F9E /* AudioToolbox.framework */,
				CE4EDFEE5D154959A0EE7A23 /* SystemConfiguration.framework */,
				2E266A42C8C749E6A0FACD72 /* CoreTelephony.framework */,
			);
			name = Frameworks;
			sourceTree = "<group>";
		};
		301BF52E109A57CC0062928A /* Products */ = {
			isa = PBXGroup;
			children = (
				301BF535109A57CC0062928A /* libCordova.a */,
			);
			name = Products;
			sourceTree = "<group>";
		};
		3047A50E1AB8057F00498E2A /* config */ = {
			isa = PBXGroup;
			children = (
				3047A50F1AB8059700498E2A /* build-debug.xcconfig */,
				3047A5101AB8059700498E2A /* build-release.xcconfig */,
				3047A5111AB8059700498E2A /* build.xcconfig */,
			);
			name = config;
			sourceTree = "<group>";
		};
		307C750510C5A3420062BCA9 /* Plugins */ = {
			isa = PBXGroup;
			children = (
				C189E914B9334AD79694B646 /* CDVBattery.m */,
				945D514A04B84BF4B9D3B0A8 /* CDVBattery.h */,
				7DF22AE1AEFA4A53B6C47623 /* UIImage+CropScaleOrientation.m */,
				3948DFCF2C3942B4B8832BF1 /* CDVCamera.m */,
				654FBF744C434719A138F90B /* CDVJpegHeaderWriter.m */,
				35656727237B4B65858D0BE8 /* UIImage+CropScaleOrientation.h */,
				FAD40F3E161E4A0E9920115A /* CDVCamera.h */,
				F4EEDC4AFB2D4BB196AB824C /* CDVJpegHeaderWriter.h */,
				F370AFBF69674B62BE1766D5 /* CDVExif.h */,
				70F973F1A3494DC2B6D2B0CB /* CDVFile.m */,
				F1B3B8D9F4064A6FBA851465 /* CDVLocalFilesystem.m */,
				E7CAEAA9B1204F56B9F34848 /* CDVAssetLibraryFilesystem.m */,
				D1473DF72C9F414CABC26985 /* CDVFile.h */,
				15C7783056BB441284B77846 /* CDVLocalFilesystem.h */,
				4C2DFE699BFC4152810AEDEA /* CDVAssetLibraryFilesystem.h */,
				F4B59921AD3D45AB836B76B4 /* CDVCapture.m */,
				E0B015BB8CAA4228B8CC5042 /* CDVCapture.h */,
				8C84BD19E02C41E29571EC94 /* CDVLogger.m */,
				D3ED286C7E9E4866BA46589F /* CDVLogger.h */,
				EABCA04ADC74438284861B3B /* CDVContacts.m */,
				2F2E42CE4372404F8A5C4F98 /* CDVContact.m */,
				B44F49EE3B8A4F8B894BA0F2 /* CDVContacts.h */,
				7194A6329D4F40D9A4F6DA2C /* CDVContact.h */,
				909E1931A52D4685967EF3F7 /* CDVDevice.m */,
				5A4A4473DB664D1F8F96EFA3 /* CDVDevice.h */,
				B3F4D0D6EF6248199719D50F /* CDVAccelerometer.m */,
				F0C2EB7EF7944D70A8362C8C /* CDVAccelerometer.h */,
				5CF54DC379D7489AA4F89415 /* CDVCompass.m */,
				019D94D86DB443A1B0669EEA /* CDVCompass.h */,
				0F4E85F4FFD34C959D14BA66 /* CDVNotification.m */,
				14A5798AFB6B49F6B745797C /* CDVNotification.h */,
				FECA8D418A554EA981AF917D /* CDVFileTransfer.m */,
				2E2305AC1299427B87F62578 /* CDVFileTransfer.h */,
				426ECAF84D5D4079892E5F5C /* CDVLocation.m */,
				8F65441E0CD44169ADE882AD /* CDVLocation.h */,
				47F1A368FE604124A81B3239 /* CDVGlobalization.m */,
				2DD70B4264A745D6AAAAF981 /* CDVGlobalization.h */,
				47BCF77D47734341B5FA4A16 /* CDVInAppBrowser.m */,
				6AC46D5937064B609D55C2DF /* CDVInAppBrowser.h */,
				2563C0F9A2EF4877BD3AF8AF /* CDVSound.m */,
				2A27E25778AD49F2BE020DC6 /* CDVSound.h */,
				EE0E535986D24E9CAD128ACA /* CDVConnection.m */,
				5D6E9FC4F2064CFDA97D348B /* CDVReachability.m */,
				098C4A3B1CE649888C263431 /* CDVConnection.h */,
				D9134E7A89064464A2CBA77C /* CDVReachability.h */,
				FC1394BC8B6844D8B32EBCE4 /* CDVSplashScreen.m */,
				A510C504DDB840F29B1C334D /* CDVViewController+SplashScreen.m */,
				4869B8BB4C0F41DDB6BF9B1D /* CDVSplashScreen.h */,
				68E755C8BC4A49AA881FA170 /* CDVViewController+SplashScreen.h */,
				56A6F4C337E4407B98EF0BC4 /* CDVStatusBar.m */,
				B2C33D295E7545F1AEC3817B /* CDVStatusBar.h */,
				6EB294636AD443E6AE16CB1F /* CDVVibration.m */,
				B58E6938C17343CFA4DE21F3 /* CDVVibration.h */,
			);
			name = Plugins;
			path = "helloworld/Plugins";
			sourceTree = SOURCE_ROOT;
		};
		EB87FDF11871DA420020F90C /* Staging */ = {
			isa = PBXGroup;
			children = (
				F840E1F0165FE0F500CFE078 /* config.xml */,
				301BF56E109A69640062928A /* www */,
			);
			name = Staging;
			sourceTree = "<group>";
		};
/* End PBXGroup section */

/* Begin PBXNativeTarget section */
		1D6058900D05DD3D006BFB54 /* helloworld */ = {
			isa = PBXNativeTarget;
			buildConfigurationList = 1D6058960D05DD3E006BFB54 /* Build configuration list for PBXNativeTarget "helloworld" */;
			buildPhases = (
				304B58A110DAC018002A0835 /* Copy www directory */,
				1D60588D0D05DD3D006BFB54 /* Resources */,
				1D60588E0D05DD3D006BFB54 /* Sources */,
				1D60588F0D05DD3D006BFB54 /* Frameworks */,
			);
			buildRules = (
			);
			dependencies = (
				301BF551109A68C00062928A /* PBXTargetDependency */,
			);
			name = "helloworld";
			productName = "helloworld";
			productReference = 1D6058910D05DD3D006BFB54 /* helloworld.app */;
			productType = "com.apple.product-type.application";
		};
/* End PBXNativeTarget section */

/* Begin PBXProject section */
		29B97313FDCFA39411CA2CEA /* Project object */ = {
			isa = PBXProject;
			attributes = {
				LastUpgradeCheck = 510;
			};
			buildConfigurationList = C01FCF4E08A954540054247B /* Build configuration list for PBXProject "__NON-CLI__" */;
			compatibilityVersion = "Xcode 3.2";
			developmentRegion = English;
			hasScannedForEncodings = 1;
			mainGroup = 29B97314FDCFA39411CA2CEA /* CustomTemplate */;
			projectDirPath = "";
			projectReferences = (
				{
					ProductGroup = 301BF52E109A57CC0062928A /* Products */;
					ProjectRef = 301BF52D109A57CC0062928A /* CordovaLib.xcodeproj */;
				},
			);
			projectRoot = "";
			targets = (
				1D6058900D05DD3D006BFB54 /* helloworld */,
			);
		};
/* End PBXProject section */

/* Begin PBXReferenceProxy section */
		301BF535109A57CC0062928A /* libCordova.a */ = {
			isa = PBXReferenceProxy;
			fileType = archive.ar;
			path = libCordova.a;
			remoteRef = 301BF534109A57CC0062928A /* PBXContainerItemProxy */;
			sourceTree = BUILT_PRODUCTS_DIR;
		};
/* End PBXReferenceProxy section */

/* Begin PBXResourcesBuildPhase section */
		1D60588D0D05DD3D006BFB54 /* Resources */ = {
			isa = PBXResourcesBuildPhase;
			buildActionMask = 2147483647;
			files = (
				302D95F214D2391D003F00A1 /* MainViewController.xib in Resources */,
				0207DA581B56EA530066E2B4 /* Images.xcassets in Resources */,
				6AFF5BF91D6E424B00AB3073 /* CDVLaunchScreen.storyboard in Resources */,
				7B63175BF6E34431B9A1FB40 /* CDVCapture.bundle in Resources */,
				BB1B04A402084962823FD382 /* CDVNotification.bundle in Resources */,
			);
			runOnlyForDeploymentPostprocessing = 0;
		};
/* End PBXResourcesBuildPhase section */

/* Begin PBXShellScriptBuildPhase section */
		304B58A110DAC018002A0835 /* Copy www directory */ = {
			isa = PBXShellScriptBuildPhase;
			buildActionMask = 2147483647;
			files = (
			);
			inputPaths = (
			);
			name = "Copy www directory";
			outputPaths = (
			);
			runOnlyForDeploymentPostprocessing = 0;
			shellPath = /bin/sh;
			shellScript = "NODEJS_PATH=/usr/local/bin; NVM_NODE_PATH=~/.nvm/versions/node/`nvm version 2>/dev/null`/bin; N_NODE_PATH=`find /usr/local/n/versions/node/* -maxdepth 0 -type d 2>/dev/null | tail -1`/bin; XCODE_NODE_PATH=`xcode-select --print-path`/usr/share/xcs/Node/bin; PATH=$NODEJS_PATH:$NVM_NODE_PATH:$N_NODE_PATH:$XCODE_NODE_PATH:$PATH && node cordova/lib/copy-www-build-step.js";
			showEnvVarsInLog = 0;
		};
/* End PBXShellScriptBuildPhase section */

/* Begin PBXSourcesBuildPhase section */
		1D60588E0D05DD3D006BFB54 /* Sources */ = {
			isa = PBXSourcesBuildPhase;
			buildActionMask = 2147483647;
			files = (
				1D60589B0D05DD56006BFB54 /* main.m in Sources */,
				1D3623260D0F684500981E51 /* AppDelegate.m in Sources */,
				302D95F114D2391D003F00A1 /* MainViewController.m in Sources */,
				FE175FCCF6D142708F325EBD /* CDVBattery.m in Sources */,
				FC233BA035AD4B5A99CA778A /* UIImage+CropScaleOrientation.m in Sources */,
				8D83C4E4626746728DE000CB /* CDVCamera.m in Sources */,
				544A96EA4A8B4AEA9F87D91F /* CDVJpegHeaderWriter.m in Sources */,
				F174CA4E7B1240808DE5C7C6 /* CDVFile.m in Sources */,
				8FEAE9473A14497592952824 /* CDVLocalFilesystem.m in Sources */,
				8CE835B3243E4B55925CAECE /* CDVAssetLibraryFilesystem.m in Sources */,
				CA6705E41796400D80E392E8 /* CDVCapture.m in Sources */,
				CA6CA8B7879F4C2B8E992282 /* CDVLogger.m in Sources */,
				263804550C664225A665EB9A /* CDVContacts.m in Sources */,
				A177B5F324C841E99DE81483 /* CDVContact.m in Sources */,
				E949B8ACD680411CABDF1B35 /* CDVDevice.m in Sources */,
				CB0A21BFA9864C7497ACA979 /* CDVAccelerometer.m in Sources */,
				333202FC55134D31A7DA7F27 /* CDVCompass.m in Sources */,
				573B2B4F607C4B0D9F2C13F1 /* CDVNotification.m in Sources */,
				96A499C08693463A96858E94 /* CDVFileTransfer.m in Sources */,
				9077636936CD4BA28E3278A4 /* CDVLocation.m in Sources */,
				32843106B7174191BE53F157 /* CDVGlobalization.m in Sources */,
				72A81F1D1C644CBA834E9D6E /* CDVInAppBrowser.m in Sources */,
				3B24EC56A681499CA747779E /* CDVSound.m in Sources */,
				41E5B7D616784C82BF703E98 /* CDVConnection.m in Sources */,
				1C549742D9D04F9FAE1F17D4 /* CDVReachability.m in Sources */,
				6C4553E3CDD34C619D54BBAE /* CDVSplashScreen.m in Sources */,
				DF05D626C6234208A31C756A /* CDVViewController+SplashScreen.m in Sources */,
				732615EFAC484562A24A69AB /* CDVStatusBar.m in Sources */,
				543CCD0E95C04B47A4ED304A /* CDVVibration.m in Sources */,
			);
			runOnlyForDeploymentPostprocessing = 0;
		};
/* End PBXSourcesBuildPhase section */

/* Begin PBXTargetDependency section */
		301BF551109A68C00062928A /* PBXTargetDependency */ = {
			isa = PBXTargetDependency;
			name = CordovaLib;
			targetProxy = 301BF550109A68C00062928A /* PBXContainerItemProxy */;
		};
/* End PBXTargetDependency section */

/* Begin XCBuildConfiguration section */
		1D6058940D05DD3E006BFB54 /* Debug */ = {
			isa = XCBuildConfiguration;
			baseConfigurationReference = 3047A50F1AB8059700498E2A /* build-debug.xcconfig */;
			buildSettings = {
				ALWAYS_SEARCH_USER_PATHS = NO;
				ASSETCATALOG_COMPILER_APPICON_NAME = AppIcon;
				ASSETCATALOG_COMPILER_LAUNCHIMAGE_NAME = LaunchImage;
				CLANG_ENABLE_MODULES = YES;
				CLANG_ENABLE_OBJC_ARC = YES;
				COPY_PHASE_STRIP = NO;
				GCC_DYNAMIC_NO_PIC = NO;
				GCC_OPTIMIZATION_LEVEL = 0;
				GCC_PRECOMPILE_PREFIX_HEADER = YES;
				GCC_PREFIX_HEADER = "helloworld/helloworld-Prefix.pch";
				GCC_THUMB_SUPPORT = NO;
				GCC_VERSION = "";
				INFOPLIST_FILE = "helloworld/helloworld-Info.plist";
				IPHONEOS_DEPLOYMENT_TARGET = 8.0;
				LD_RUNPATH_SEARCH_PATHS = "@executable_path/Frameworks";
				TARGETED_DEVICE_FAMILY = "1,2";
				PRODUCT_NAME = "helloworld";
			};
			name = Debug;
		};
		1D6058950D05DD3E006BFB54 /* Release */ = {
			isa = XCBuildConfiguration;
			baseConfigurationReference = 3047A5101AB8059700498E2A /* build-release.xcconfig */;
			buildSettings = {
				ALWAYS_SEARCH_USER_PATHS = NO;
				ASSETCATALOG_COMPILER_APPICON_NAME = AppIcon;
				ASSETCATALOG_COMPILER_LAUNCHIMAGE_NAME = LaunchImage;
				CLANG_ENABLE_MODULES = YES;
				CLANG_ENABLE_OBJC_ARC = YES;
				COPY_PHASE_STRIP = YES;
				GCC_PRECOMPILE_PREFIX_HEADER = YES;
				GCC_PREFIX_HEADER = "helloworld/helloworld-Prefix.pch";
				GCC_THUMB_SUPPORT = NO;
				GCC_VERSION = "";
				INFOPLIST_FILE = "helloworld/helloworld-Info.plist";
				IPHONEOS_DEPLOYMENT_TARGET = 8.0;
				LD_RUNPATH_SEARCH_PATHS = "@executable_path/Frameworks";
				TARGETED_DEVICE_FAMILY = "1,2";
				PRODUCT_NAME = "helloworld";
			};
			name = Release;
		};
		C01FCF4F08A954540054247B /* Debug */ = {
			isa = XCBuildConfiguration;
			baseConfigurationReference = 3047A5111AB8059700498E2A /* build.xcconfig */;
			buildSettings = {
				CLANG_ENABLE_MODULES = YES;
				CLANG_ENABLE_OBJC_ARC = YES;
				CLANG_WARN_BOOL_CONVERSION = YES;
				CLANG_WARN_CONSTANT_CONVERSION = YES;
				CLANG_WARN_EMPTY_BODY = YES;
				CLANG_WARN_ENUM_CONVERSION = YES;
				CLANG_WARN_INT_CONVERSION = YES;
				CLANG_WARN__DUPLICATE_METHOD_MATCH = YES;
				GCC_C_LANGUAGE_STANDARD = c99;
				GCC_THUMB_SUPPORT = NO;
				GCC_VERSION = "";
				GCC_WARN_ABOUT_RETURN_TYPE = YES;
				GCC_WARN_UNDECLARED_SELECTOR = YES;
				GCC_WARN_UNINITIALIZED_AUTOS = YES;
				GCC_WARN_UNUSED_FUNCTION = YES;
				GCC_WARN_UNUSED_VARIABLE = YES;
				ONLY_ACTIVE_ARCH = YES;
				SDKROOT = iphoneos;
				SKIP_INSTALL = NO;
				ASSETCATALOG_COMPILER_LAUNCHIMAGE_NAME = LaunchImage;
			};
			name = Debug;
		};
		C01FCF5008A954540054247B /* Release */ = {
			isa = XCBuildConfiguration;
			baseConfigurationReference = 3047A5111AB8059700498E2A /* build.xcconfig */;
			buildSettings = {
				CLANG_ENABLE_MODULES = YES;
				CLANG_ENABLE_OBJC_ARC = YES;
				CLANG_WARN_BOOL_CONVERSION = YES;
				CLANG_WARN_CONSTANT_CONVERSION = YES;
				CLANG_WARN_EMPTY_BODY = YES;
				CLANG_WARN_ENUM_CONVERSION = YES;
				CLANG_WARN_INT_CONVERSION = YES;
				CLANG_WARN__DUPLICATE_METHOD_MATCH = YES;
				GCC_C_LANGUAGE_STANDARD = c99;
				GCC_THUMB_SUPPORT = NO;
				GCC_VERSION = "";
				GCC_WARN_ABOUT_RETURN_TYPE = YES;
				GCC_WARN_UNDECLARED_SELECTOR = YES;
				GCC_WARN_UNINITIALIZED_AUTOS = YES;
				GCC_WARN_UNUSED_FUNCTION = YES;
				GCC_WARN_UNUSED_VARIABLE = YES;
				SDKROOT = iphoneos;
				SKIP_INSTALL = NO;
				ASSETCATALOG_COMPILER_LAUNCHIMAGE_NAME = LaunchImage;
			};
			name = Release;
		};
/* End XCBuildConfiguration section */

/* Begin XCConfigurationList section */
		1D6058960D05DD3E006BFB54 /* Build configuration list for PBXNativeTarget "helloworld" */ = {
			isa = XCConfigurationList;
			buildConfigurations = (
				1D6058940D05DD3E006BFB54 /* Debug */,
				1D6058950D05DD3E006BFB54 /* Release */,
			);
			defaultConfigurationIsVisible = 0;
			defaultConfigurationName = Release;
		};
		C01FCF4E08A954540054247B /* Build configuration list for PBXProject "__NON-CLI__" */ = {
			isa = XCConfigurationList;
			buildConfigurations = (
				C01FCF4F08A954540054247B /* Debug */,
				C01FCF5008A954540054247B /* Release */,
			);
			defaultConfigurationIsVisible = 0;
			defaultConfigurationName = Release;
		};
/* End XCConfigurationList section */
	};
	rootObject = 29B97313FDCFA39411CA2CEA /* Project object */;
}
